
Microsoft Visual Studio Solution File, Format Version 12.00
# Visual Studio Version 17
VisualStudioVersion = 17.3.32922.545
MinimumVisualStudioVersion = 10.0.40219.1
Project("{FAE04EC0-301F-11D3-BF4B-00C04F79EFBC}") = "examen3Eva", "examen3Eva\examen3Eva.csproj", "{DB2FAA28-7F50-4FE0-B3BE-3CF1EE5DC711}"
EndProject
Global
	GlobalSection(SolutionConfigurationPlatforms) = preSolution
		Debug|Any CPU = Debug|Any CPU
		Release|Any CPU = Release|Any CPU
	EndGlobalSection
	GlobalSection(ProjectConfigurationPlatforms) = postSolution
		{DB2FAA28-7F50-4FE0-B3BE-3CF1EE5DC711}.Debug|Any CPU.ActiveCfg = Debug|Any CPU
		{DB2FAA28-7F50-4FE0-B3BE-3CF1EE5DC711}.Debug|Any CPU.Build.0 = Debug|Any CPU
		{DB2FAA28-7F50-4FE0-B3BE-3CF1EE5DC711}.Release|Any CPU.ActiveCfg = Release|Any CPU
		{DB2FAA28-7F50-4FE0-B3BE-3CF1EE5DC711}.Release|Any CPU.Build.0 = Release|Any CPU
	EndGlobalSection
	GlobalSection(SolutionProperties) = preSolution
		HideSolutionNode = FALSE
	EndGlobalSection
	GlobalSection(ExtensibilityGlobals) = postSolution
		SolutionGuid = {9DCBC24F-8554-4645-9BE5-35ADCD30A5B2}
	EndGlobalSection
EndGlobal
